{
  "name": "pakupaku",
  "requires": true,
  "lockfileVersion": 1,
  "dependencies": {
    "object-fit-images": {
      "version": "3.2.4",
      "resolved": "https://registry.npmjs.org/object-fit-images/-/object-fit-images-3.2.4.tgz",
      "integrity": "sha512-G+7LzpYfTfqUyrZlfrou/PLLLAPNC52FTy5y1CBywX+1/FkxIloOyQXBmZ3Zxa2AWO+lMF0JTuvqbr7G5e5CWg=="
    }
  }
}
